
Microsoft Visual Studio Solution File, Format Version 12.00
# Visual Studio Version 17
VisualStudioVersion = 17.2.32505.173
MinimumVisualStudioVersion = 10.0.40219.1
Project("{FAE04EC0-301F-11D3-BF4B-00C04F79EFBC}") = "Veterinar", "Veterinar\Veterinar.csproj", "{CEF45580-BD28-4474-B1EA-59D594644049}"
EndProject
Global
	GlobalSection(SolutionConfigurationPlatforms) = preSolution
		Debug|Any CPU = Debug|Any CPU
		Release|Any CPU = Release|Any CPU
	EndGlobalSection
	GlobalSection(ProjectConfigurationPlatforms) = postSolution
		{CEF45580-BD28-4474-B1EA-59D594644049}.Debug|Any CPU.ActiveCfg = Debug|Any CPU
		{CEF45580-BD28-4474-B1EA-59D594644049}.Debug|Any CPU.Build.0 = Debug|Any CPU
		{CEF45580-BD28-4474-B1EA-59D594644049}.Release|Any CPU.ActiveCfg = Release|Any CPU
		{CEF45580-BD28-4474-B1EA-59D594644049}.Release|Any CPU.Build.0 = Release|Any CPU
	EndGlobalSection
	GlobalSection(SolutionProperties) = preSolution
		HideSolutionNode = FALSE
	EndGlobalSection
	GlobalSection(ExtensibilityGlobals) = postSolution
		SolutionGuid = {53A5A70E-A4C0-447A-9B45-15217D5B9BB6}
	EndGlobalSection
EndGlobal
